
Microsoft Visual Studio Solution File, Format Version 12.00
# Visual Studio 15
VisualStudioVersion = 15.0.28307.1022
MinimumVisualStudioVersion = 10.0.40219.1
Project("{FAE04EC0-301F-11D3-BF4B-00C04F79EFBC}") = "DayOfWeek1", "DayOfWeek1\DayOfWeek1.csproj", "{4CF91168-5837-4A92-BDA6-46115B712907}"
EndProject
Project("{FAE04EC0-301F-11D3-BF4B-00C04F79EFBC}") = "RandomizeWords", "RandomizeWords\RandomizeWords.csproj", "{9FD9A966-B2BE-4A4C-A059-35886AB19C9A}"
EndProject
Project("{FAE04EC0-301F-11D3-BF4B-00C04F79EFBC}") = "BigFractional", "BigInteger\BigFractional.csproj", "{89A0B28F-91DB-44F3-B4FF-C9DA344E18D4}"
EndProject
Project("{FAE04EC0-301F-11D3-BF4B-00C04F79EFBC}") = "DistanceBetweenTwoPoints", "DistanceBetweenTwoPoints\DistanceBetweenTwoPoints.csproj", "{626BA373-D5E4-40EA-8171-A4A3AE5CC073}"
EndProject
Project("{FAE04EC0-301F-11D3-BF4B-00C04F79EFBC}") = "RectanglePosition", "RectanglePosition\RectanglePosition.csproj", "{BF9F6F50-55CC-4F8F-986A-4A42FD327759}"
EndProject
Project("{FAE04EC0-301F-11D3-BF4B-00C04F79EFBC}") = "SalesReport", "SalesReport\SalesReport.csproj", "{5A7A498F-65E4-42E2-93B5-F0A2E368378E}"
EndProject
Project("{FAE04EC0-301F-11D3-BF4B-00C04F79EFBC}") = "CountWorkingDays", "CountWorkingDays\CountWorkingDays.csproj", "{C9412CBC-858D-416B-9417-D8414062F6DB}"
EndProject
Project("{FAE04EC0-301F-11D3-BF4B-00C04F79EFBC}") = "AdvertisementMessage", "AdvertisementMessage\AdvertisementMessage.csproj", "{3B429E9F-FD77-4C97-800E-EB89FE166F49}"
EndProject
Project("{FAE04EC0-301F-11D3-BF4B-00C04F79EFBC}") = "IntersectionOfCircles", "IntersectionOfCircles\IntersectionOfCircles.csproj", "{35DBB254-93EA-4CEE-8575-79A98C2CE797}"
EndProject
Project("{FAE04EC0-301F-11D3-BF4B-00C04F79EFBC}") = "AverageGrades", "AverageGrades\AverageGrades.csproj", "{539CB205-5DE4-41C5-A87E-D60A2FE50553}"
EndProject
Project("{FAE04EC0-301F-11D3-BF4B-00C04F79EFBC}") = "BookLibrary", "BookLibrary\BookLibrary.csproj", "{9DFCA60B-49FA-4D0C-A7AC-CE2D7E68E824}"
EndProject
Global
	GlobalSection(SolutionConfigurationPlatforms) = preSolution
		Debug|Any CPU = Debug|Any CPU
		Release|Any CPU = Release|Any CPU
	EndGlobalSection
	GlobalSection(ProjectConfigurationPlatforms) = postSolution
		{4CF91168-5837-4A92-BDA6-46115B712907}.Debug|Any CPU.ActiveCfg = Debug|Any CPU
		{4CF91168-5837-4A92-BDA6-46115B712907}.Debug|Any CPU.Build.0 = Debug|Any CPU
		{4CF91168-5837-4A92-BDA6-46115B712907}.Release|Any CPU.ActiveCfg = Release|Any CPU
		{4CF91168-5837-4A92-BDA6-46115B712907}.Release|Any CPU.Build.0 = Release|Any CPU
		{9FD9A966-B2BE-4A4C-A059-35886AB19C9A}.Debug|Any CPU.ActiveCfg = Debug|Any CPU
		{9FD9A966-B2BE-4A4C-A059-35886AB19C9A}.Debug|Any CPU.Build.0 = Debug|Any CPU
		{9FD9A966-B2BE-4A4C-A059-35886AB19C9A}.Release|Any CPU.ActiveCfg = Release|Any CPU
		{9FD9A966-B2BE-4A4C-A059-35886AB19C9A}.Release|Any CPU.Build.0 = Release|Any CPU
		{89A0B28F-91DB-44F3-B4FF-C9DA344E18D4}.Debug|Any CPU.ActiveCfg = Debug|Any CPU
		{89A0B28F-91DB-44F3-B4FF-C9DA344E18D4}.Debug|Any CPU.Build.0 = Debug|Any CPU
		{89A0B28F-91DB-44F3-B4FF-C9DA344E18D4}.Release|Any CPU.ActiveCfg = Release|Any CPU
		{89A0B28F-91DB-44F3-B4FF-C9DA344E18D4}.Release|Any CPU.Build.0 = Release|Any CPU
		{626BA373-D5E4-40EA-8171-A4A3AE5CC073}.Debug|Any CPU.ActiveCfg = Debug|Any CPU
		{626BA373-D5E4-40EA-8171-A4A3AE5CC073}.Debug|Any CPU.Build.0 = Debug|Any CPU
		{626BA373-D5E4-40EA-8171-A4A3AE5CC073}.Release|Any CPU.ActiveCfg = Release|Any CPU
		{626BA373-D5E4-40EA-8171-A4A3AE5CC073}.Release|Any CPU.Build.0 = Release|Any CPU
		{BF9F6F50-55CC-4F8F-986A-4A42FD327759}.Debug|Any CPU.ActiveCfg = Debug|Any CPU
		{BF9F6F50-55CC-4F8F-986A-4A42FD327759}.Debug|Any CPU.Build.0 = Debug|Any CPU
		{BF9F6F50-55CC-4F8F-986A-4A42FD327759}.Release|Any CPU.ActiveCfg = Release|Any CPU
		{BF9F6F50-55CC-4F8F-986A-4A42FD327759}.Release|Any CPU.Build.0 = Release|Any CPU
		{5A7A498F-65E4-42E2-93B5-F0A2E368378E}.Debug|Any CPU.ActiveCfg = Debug|Any CPU
		{5A7A498F-65E4-42E2-93B5-F0A2E368378E}.Debug|Any CPU.Build.0 = Debug|Any CPU
		{5A7A498F-65E4-42E2-93B5-F0A2E368378E}.Release|Any CPU.ActiveCfg = Release|Any CPU
		{5A7A498F-65E4-42E2-93B5-F0A2E368378E}.Release|Any CPU.Build.0 = Release|Any CPU
		{C9412CBC-858D-416B-9417-D8414062F6DB}.Debug|Any CPU.ActiveCfg = Debug|Any CPU
		{C9412CBC-858D-416B-9417-D8414062F6DB}.Debug|Any CPU.Build.0 = Debug|Any CPU
		{C9412CBC-858D-416B-9417-D8414062F6DB}.Release|Any CPU.ActiveCfg = Release|Any CPU
		{C9412CBC-858D-416B-9417-D8414062F6DB}.Release|Any CPU.Build.0 = Release|Any CPU
		{3B429E9F-FD77-4C97-800E-EB89FE166F49}.Debug|Any CPU.ActiveCfg = Debug|Any CPU
		{3B429E9F-FD77-4C97-800E-EB89FE166F49}.Debug|Any CPU.Build.0 = Debug|Any CPU
		{3B429E9F-FD77-4C97-800E-EB89FE166F49}.Release|Any CPU.ActiveCfg = Release|Any CPU
		{3B429E9F-FD77-4C97-800E-EB89FE166F49}.Release|Any CPU.Build.0 = Release|Any CPU
		{35DBB254-93EA-4CEE-8575-79A98C2CE797}.Debug|Any CPU.ActiveCfg = Debug|Any CPU
		{35DBB254-93EA-4CEE-8575-79A98C2CE797}.Debug|Any CPU.Build.0 = Debug|Any CPU
		{35DBB254-93EA-4CEE-8575-79A98C2CE797}.Release|Any CPU.ActiveCfg = Release|Any CPU
		{35DBB254-93EA-4CEE-8575-79A98C2CE797}.Release|Any CPU.Build.0 = Release|Any CPU
		{539CB205-5DE4-41C5-A87E-D60A2FE50553}.Debug|Any CPU.ActiveCfg = Debug|Any CPU
		{539CB205-5DE4-41C5-A87E-D60A2FE50553}.Debug|Any CPU.Build.0 = Debug|Any CPU
		{539CB205-5DE4-41C5-A87E-D60A2FE50553}.Release|Any CPU.ActiveCfg = Release|Any CPU
		{539CB205-5DE4-41C5-A87E-D60A2FE50553}.Release|Any CPU.Build.0 = Release|Any CPU
		{9DFCA60B-49FA-4D0C-A7AC-CE2D7E68E824}.Debug|Any CPU.ActiveCfg = Debug|Any CPU
		{9DFCA60B-49FA-4D0C-A7AC-CE2D7E68E824}.Debug|Any CPU.Build.0 = Debug|Any CPU
		{9DFCA60B-49FA-4D0C-A7AC-CE2D7E68E824}.Release|Any CPU.ActiveCfg = Release|Any CPU
		{9DFCA60B-49FA-4D0C-A7AC-CE2D7E68E824}.Release|Any CPU.Build.0 = Release|Any CPU
	EndGlobalSection
	GlobalSection(SolutionProperties) = preSolution
		HideSolutionNode = FALSE
	EndGlobalSection
	GlobalSection(ExtensibilityGlobals) = postSolution
		SolutionGuid = {C08010EA-4C82-40D8-9B72-AB6BBD00411C}
	EndGlobalSection
EndGlobal
